
Microsoft Visual Studio Solution File, Format Version 12.00
# Visual Studio 15
VisualStudioVersion = 15.0.27703.2035
MinimumVisualStudioVersion = 10.0.40219.1
Project("{FAE04EC0-301F-11D3-BF4B-00C04F79EFBC}") = "DapperExamples", "DapperExamples\DapperExamples.csproj", "{35C06A86-AA5E-45C7-B864-3B00626D26D7}"
EndProject
Global
	GlobalSection(SolutionConfigurationPlatforms) = preSolution
		Debug|Any CPU = Debug|Any CPU
		Release|Any CPU = Release|Any CPU
	EndGlobalSection
	GlobalSection(ProjectConfigurationPlatforms) = postSolution
		{35C06A86-AA5E-45C7-B864-3B00626D26D7}.Debug|Any CPU.ActiveCfg = Debug|Any CPU
		{35C06A86-AA5E-45C7-B864-3B00626D26D7}.Debug|Any CPU.Build.0 = Debug|Any CPU
		{35C06A86-AA5E-45C7-B864-3B00626D26D7}.Release|Any CPU.ActiveCfg = Release|Any CPU
		{35C06A86-AA5E-45C7-B864-3B00626D26D7}.Release|Any CPU.Build.0 = Release|Any CPU
	EndGlobalSection
	GlobalSection(SolutionProperties) = preSolution
		HideSolutionNode = FALSE
	EndGlobalSection
	GlobalSection(ExtensibilityGlobals) = postSolution
		SolutionGuid = {6D89C00B-6666-4279-904E-1EC865CC29F1}
	EndGlobalSection
EndGlobal
